{
  "name": "melodious",
  "version": "1.0.0",
  "lockfileVersion": 3,
  "requires": true,
  "packages": {
    "": {
      "name": "melodious",
      "version": "1.0.0",
      "license": "ISC",
      "dependencies": {
        "audiomotion-analyzer": "^4.5.4"
      }
    },
    "node_modules/audiomotion-analyzer": {
      "version": "4.5.4",
      "resolved": "https://registry.npmjs.org/audiomotion-analyzer/-/audiomotion-analyzer-4.5.4.tgz",
      "integrity": "sha512-bBTIFr0VgM764MJN3ATIyKrv2BzGTfQgJugulIHNEIFT0+zbz7lb+2CvFTPvk6n3J06wwWiJBPZFEIt9OSxzfQ==",
      "license": "AGPL-3.0-or-later",
      "funding": {
        "type": "Ko-fi",
        "url": "https://ko-fi.com/hvianna"
      }
    }
  }
}
